
Microsoft Visual Studio Solution File, Format Version 12.00
# Visual Studio Version 16
VisualStudioVersion = 16.0.29709.97
MinimumVisualStudioVersion = 10.0.40219.1
Project("{FAE04EC0-301F-11D3-BF4B-00C04F79EFBC}") = "Shavaleev_Autoservice1", "Shavaleev_Autoservice1\Shavaleev_Autoservice1.csproj", "{A75E5F68-CABE-487F-A673-DD21C4460A9A}"
EndProject
Global
	GlobalSection(SolutionConfigurationPlatforms) = preSolution
		Debug|Any CPU = Debug|Any CPU
		Release|Any CPU = Release|Any CPU
	EndGlobalSection
	GlobalSection(ProjectConfigurationPlatforms) = postSolution
		{A75E5F68-CABE-487F-A673-DD21C4460A9A}.Debug|Any CPU.ActiveCfg = Debug|Any CPU
		{A75E5F68-CABE-487F-A673-DD21C4460A9A}.Debug|Any CPU.Build.0 = Debug|Any CPU
		{A75E5F68-CABE-487F-A673-DD21C4460A9A}.Release|Any CPU.ActiveCfg = Release|Any CPU
		{A75E5F68-CABE-487F-A673-DD21C4460A9A}.Release|Any CPU.Build.0 = Release|Any CPU
	EndGlobalSection
	GlobalSection(SolutionProperties) = preSolution
		HideSolutionNode = FALSE
	EndGlobalSection
	GlobalSection(ExtensibilityGlobals) = postSolution
		SolutionGuid = {6A5BB4D3-3A27-439A-A802-AC9806672878}
	EndGlobalSection
EndGlobal
